// !$*UTF8*$!
{
	archiveVersion = 1;
	classes = {
	};
	objectVersion = 46;
	objects = {

/* Begin PBXBuildFile section */
		AB15652A0B5FF123038AF9BE /* Pods_RainReminder.framework in Frameworks */ = {isa = PBXBuildFile; fileRef = 83C76F579E19FC009CB48505 /* Pods_RainReminder.framework */; };
		C40907321CDADCB200F6032C /* NSDate+WeatherDate.swift in Sources */ = {isa = PBXBuildFile; fileRef = C40907311CDADCB200F6032C /* NSDate+WeatherDate.swift */; };
		C41565A71CCF2FC100CBE6B9 /* libWeiboSDK.a in Frameworks */ = {isa = PBXBuildFile; fileRef = C415659A1CCF2FC100CBE6B9 /* libWeiboSDK.a */; };
		C41565A81CCF2FC100CBE6B9 /* WeiboSDK.bundle in Resources */ = {isa = PBXBuildFile; fileRef = C41565A41CCF2FC100CBE6B9 /* WeiboSDK.bundle */; };
		C44BA0801CD8508B009FA914 /* RRouter.swift in Sources */ = {isa = PBXBuildFile; fileRef = C44BA07F1CD8508B009FA914 /* RRouter.swift */; };
		C44BF21F1CBA3D990064376E /* MBProgressHUD.m in Sources */ = {isa = PBXBuildFile; fileRef = C44BF21E1CBA3D990064376E /* MBProgressHUD.m */; };
		C44BF2221CBA3E4D0064376E /* iToast.m in Sources */ = {isa = PBXBuildFile; fileRef = C44BF2211CBA3E4D0064376E /* iToast.m */; };
		C45FF88E1CBBA85F00D43701 /* FirstView.swift in Sources */ = {isa = PBXBuildFile; fileRef = C45FF88D1CBBA85F00D43701 /* FirstView.swift */; };
		C45FF8901CBBA89000D43701 /* FirstView.xib in Resources */ = {isa = PBXBuildFile; fileRef = C45FF88F1CBBA89000D43701 /* FirstView.xib */; };
		C45FF8941CBCCB3000D43701 /* SupportTableTableViewController.swift in Sources */ = {isa = PBXBuildFile; fileRef = C45FF8931CBCCB3000D43701 /* SupportTableTableViewController.swift */; };
		C45FF8961CBCD05D00D43701 /* InteractiveAnimation.swift in Sources */ = {isa = PBXBuildFile; fileRef = C45FF8951CBCD05D00D43701 /* InteractiveAnimation.swift */; };
		C45FF8981CBCD80900D43701 /* TimePickerViewController.swift in Sources */ = {isa = PBXBuildFile; fileRef = C45FF8971CBCD80900D43701 /* TimePickerViewController.swift */; };
		C45FF89A1CBCD8B100D43701 /* DimmingPresentationController.swift in Sources */ = {isa = PBXBuildFile; fileRef = C45FF8991CBCD8B100D43701 /* DimmingPresentationController.swift */; };
		C45FF89C1CBCD8DB00D43701 /* GradientView.swift in Sources */ = {isa = PBXBuildFile; fileRef = C45FF89B1CBCD8DB00D43701 /* GradientView.swift */; };
		C46101361CCDE994003E549F /* WeiboAlert.swift in Sources */ = {isa = PBXBuildFile; fileRef = C46101351CCDE994003E549F /* WeiboAlert.swift */; };
		C46101381CCDE9E5003E549F /* WeiboAlert.xib in Resources */ = {isa = PBXBuildFile; fileRef = C46101371CCDE9E5003E549F /* WeiboAlert.xib */; };
		C46DC2EE1CBA95C8007B39A8 /* DINNextLTPro-Light.otf in Resources */ = {isa = PBXBuildFile; fileRef = C46DC2ED1CBA95C8007B39A8 /* DINNextLTPro-Light.otf */; };
		C46DC2F01CBA96C9007B39A8 /* WeatherIcon.swift in Sources */ = {isa = PBXBuildFile; fileRef = C46DC2EF1CBA96C9007B39A8 /* WeatherIcon.swift */; };
		C46DC2F41CBB3C38007B39A8 /* CityListCell.swift in Sources */ = {isa = PBXBuildFile; fileRef = C46DC2F21CBB3C38007B39A8 /* CityListCell.swift */; };
		C46DC2F51CBB3C38007B39A8 /* CityListCell.xib in Resources */ = {isa = PBXBuildFile; fileRef = C46DC2F31CBB3C38007B39A8 /* CityListCell.xib */; };
		C46DC2F71CBB3D39007B39A8 /* CityListViewController.swift in Sources */ = {isa = PBXBuildFile; fileRef = C46DC2F61CBB3D39007B39A8 /* CityListViewController.swift */; };
		C46DC2FE1CBB856F007B39A8 /* WeekWeatherCell.swift in Sources */ = {isa = PBXBuildFile; fileRef = C46DC2FC1CBB856F007B39A8 /* WeekWeatherCell.swift */; };
		C46DC2FF1CBB856F007B39A8 /* WeekWeatherCell.xib in Resources */ = {isa = PBXBuildFile; fileRef = C46DC2FD1CBB856F007B39A8 /* WeekWeatherCell.xib */; };
		C46DC3011CBB87E9007B39A8 /* WeekWeatherCollectionView.swift in Sources */ = {isa = PBXBuildFile; fileRef = C46DC3001CBB87E9007B39A8 /* WeekWeatherCollectionView.swift */; };
		C46DC3031CBB9D58007B39A8 /* LaunchViewController.swift in Sources */ = {isa = PBXBuildFile; fileRef = C46DC3021CBB9D58007B39A8 /* LaunchViewController.swift */; };
		C49579601CB507CB0051D7C8 /* AppDelegate.swift in Sources */ = {isa = PBXBuildFile; fileRef = C495795F1CB507CB0051D7C8 /* AppDelegate.swift */; };
		C49579621CB507CC0051D7C8 /* HomeController.swift in Sources */ = {isa = PBXBuildFile; fileRef = C49579611CB507CC0051D7C8 /* HomeController.swift */; };
		C49579651CB507CC0051D7C8 /* Main.storyboard in Resources */ = {isa = PBXBuildFile; fileRef = C49579631CB507CC0051D7C8 /* Main.storyboard */; };
		C49579671CB507CC0051D7C8 /* Assets.xcassets in Resources */ = {isa = PBXBuildFile; fileRef = C49579661CB507CC0051D7C8 /* Assets.xcassets */; };
		C495796A1CB507CC0051D7C8 /* LaunchScreen.storyboard in Resources */ = {isa = PBXBuildFile; fileRef = C49579681CB507CC0051D7C8 /* LaunchScreen.storyboard */; };
		C49579761CB50BC00051D7C8 /* Functions.swift in Sources */ = {isa = PBXBuildFile; fileRef = C49579751CB50BC00051D7C8 /* Functions.swift */; };
		C497902E1CB6474C00EDF314 /* GeoInfoModel.swift in Sources */ = {isa = PBXBuildFile; fileRef = C497902D1CB6474C00EDF314 /* GeoInfoModel.swift */; };
		C49790311CB65A8D00EDF314 /* weathericons-regular-webfont.ttf in Resources */ = {isa = PBXBuildFile; fileRef = C49790301CB65A8D00EDF314 /* weathericons-regular-webfont.ttf */; };
		C49790371CB6A91700EDF314 /* ServerResult.swift in Sources */ = {isa = PBXBuildFile; fileRef = C49790361CB6A91700EDF314 /* ServerResult.swift */; };
		C49790391CB6A93B00EDF314 /* WeatherResult.swift in Sources */ = {isa = PBXBuildFile; fileRef = C49790381CB6A93B00EDF314 /* WeatherResult.swift */; };
		C497903B1CB6A94700EDF314 /* DailyResult.swift in Sources */ = {isa = PBXBuildFile; fileRef = C497903A1CB6A94700EDF314 /* DailyResult.swift */; };
		C49790411CB7487700EDF314 /* ParserXML.swift in Sources */ = {isa = PBXBuildFile; fileRef = C49790401CB7487700EDF314 /* ParserXML.swift */; };
		C49790441CB748B400EDF314 /* City.swift in Sources */ = {isa = PBXBuildFile; fileRef = C49790421CB748B400EDF314 /* City.swift */; };
		C49790451CB748B400EDF314 /* Citys.xml in Resources */ = {isa = PBXBuildFile; fileRef = C49790431CB748B400EDF314 /* Citys.xml */; };
		C49790471CB7509900EDF314 /* DataModel.swift in Sources */ = {isa = PBXBuildFile; fileRef = C49790461CB7509900EDF314 /* DataModel.swift */; };
		C4BD71271E1A64CF00912DBC /* SwiftyJSON.swift in Sources */ = {isa = PBXBuildFile; fileRef = C4BD71261E1A64CF00912DBC /* SwiftyJSON.swift */; };
		C4BD712D1E1A7D6A00912DBC /* NetWorkTools.swift in Sources */ = {isa = PBXBuildFile; fileRef = C4BD712C1E1A7D6A00912DBC /* NetWorkTools.swift */; };
		C4D577511CE2C58E00A6FD73 /* Reachability.swift in Sources */ = {isa = PBXBuildFile; fileRef = C4D577501CE2C58E00A6FD73 /* Reachability.swift */; };
		C4DA1FDA1CD9A2150040F802 /* NotificationCenter.framework in Frameworks */ = {isa = PBXBuildFile; fileRef = C44BA0861CD871A6009FA914 /* NotificationCenter.framework */; };
		C4DA1FDD1CD9A2150040F802 /* TodayViewController.swift in Sources */ = {isa = PBXBuildFile; fileRef = C4DA1FDC1CD9A2150040F802 /* TodayViewController.swift */; };
		C4DA1FE01CD9A2150040F802 /* MainInterface.storyboard in Resources */ = {isa = PBXBuildFile; fileRef = C4DA1FDE1CD9A2150040F802 /* MainInterface.storyboard */; };
		C4DA1FE41CD9A2150040F802 /* RainReminderTodayWidget.appex in Embed App Extensions */ = {isa = PBXBuildFile; fileRef = C4DA1FD91CD9A2150040F802 /* RainReminderTodayWidget.appex */; settings = {ATTRIBUTES = (RemoveHeadersOnCopy, ); }; };
		C4E5DB171CD9E65C00D3A397 /* weathericons-regular-webfont.ttf in Resources */ = {isa = PBXBuildFile; fileRef = C4E5DB161CD9E65C00D3A397 /* weathericons-regular-webfont.ttf */; };
		C4F991941CC9D99300C8CD32 /* CoreGraphics.framework in Frameworks */ = {isa = PBXBuildFile; fileRef = C4F991931CC9D99300C8CD32 /* CoreGraphics.framework */; };
		C4F991961CC9D99F00C8CD32 /* Foundation.framework in Frameworks */ = {isa = PBXBuildFile; fileRef = C4F991951CC9D99F00C8CD32 /* Foundation.framework */; };
		C4F991981CC9D9A700C8CD32 /* UIKit.framework in Frameworks */ = {isa = PBXBuildFile; fileRef = C4F991971CC9D9A700C8CD32 /* UIKit.framework */; };
		C4F9919A1CC9D9B200C8CD32 /* CoreTelephony.framework in Frameworks */ = {isa = PBXBuildFile; fileRef = C4F991991CC9D9B200C8CD32 /* CoreTelephony.framework */; };
		C4F9919C1CC9D9B900C8CD32 /* CoreText.framework in Frameworks */ = {isa = PBXBuildFile; fileRef = C4F9919B1CC9D9B900C8CD32 /* CoreText.framework */; };
		C4F9919E1CC9D9C000C8CD32 /* Security.framework in Frameworks */ = {isa = PBXBuildFile; fileRef = C4F9919D1CC9D9C000C8CD32 /* Security.framework */; };
		C4F991A01CC9D9CB00C8CD32 /* SystemConfiguration.framework in Frameworks */ = {isa = PBXBuildFile; fileRef = C4F9919F1CC9D9CB00C8CD32 /* SystemConfiguration.framework */; };
		C4F991A21CC9D9D500C8CD32 /* ImageIO.framework in Frameworks */ = {isa = PBXBuildFile; fileRef = C4F991A11CC9D9D500C8CD32 /* ImageIO.framework */; };
		C4F991A41CC9D9DD00C8CD32 /* QuartzCore.framework in Frameworks */ = {isa = PBXBuildFile; fileRef = C4F991A31CC9D9DD00C8CD32 /* QuartzCore.framework */; };
		C4F991A61CC9DA5A00C8CD32 /* libsqlite3.tbd in Frameworks */ = {isa = PBXBuildFile; fileRef = C4F991A51CC9DA5A00C8CD32 /* libsqlite3.tbd */; };
		C4F991A81CC9DA6300C8CD32 /* libz.tbd in Frameworks */ = {isa = PBXBuildFile; fileRef = C4F991A71CC9DA6300C8CD32 /* libz.tbd */; };
/* End PBXBuildFile section */

/* Begin PBXContainerItemProxy section */
		C4DA1FE21CD9A2150040F802 /* PBXContainerItemProxy */ = {
			isa = PBXContainerItemProxy;
			containerPortal = C49579541CB507CB0051D7C8 /* Project object */;
			proxyType = 1;
			remoteGlobalIDString = C4DA1FD81CD9A2150040F802;
			remoteInfo = today;
		};
/* End PBXContainerItemProxy section */

/* Begin PBXCopyFilesBuildPhase section */
		C44BA0951CD871A6009FA914 /* Embed App Extensions */ = {
			isa = PBXCopyFilesBuildPhase;
			buildActionMask = 2147483647;
			dstPath = "";
			dstSubfolderSpec = 13;
			files = (
				C4DA1FE41CD9A2150040F802 /* RainReminderTodayWidget.appex in Embed App Extensions */,
			);
			name = "Embed App Extensions";
			runOnlyForDeploymentPostprocessing = 0;
		};
/* End PBXCopyFilesBuildPhase section */

/* Begin PBXFileReference section */
		1852D5D2D5323C289BC4FCBC /* Pods-RainReminder.release.xcconfig */ = {isa = PBXFileReference; includeInIndex = 1; lastKnownFileType = text.xcconfig; name = "Pods-RainReminder.release.xcconfig"; path = "Pods/Target Support Files/Pods-RainReminder/Pods-RainReminder.release.xcconfig"; sourceTree = "<group>"; };
		83C76F579E19FC009CB48505 /* Pods_RainReminder.framework */ = {isa = PBXFileReference; explicitFileType = wrapper.framework; includeInIndex = 0; path = Pods_RainReminder.framework; sourceTree = BUILT_PRODUCTS_DIR; };
		8EDD3B849D8133BE06080AC4 /* Pods-RainReminder.debug.xcconfig */ = {isa = PBXFileReference; includeInIndex = 1; lastKnownFileType = text.xcconfig; name = "Pods-RainReminder.debug.xcconfig"; path = "Pods/Target Support Files/Pods-RainReminder/Pods-RainReminder.debug.xcconfig"; sourceTree = "<group>"; };
		C40907311CDADCB200F6032C /* NSDate+WeatherDate.swift */ = {isa = PBXFileReference; fileEncoding = 4; lastKnownFileType = sourcecode.swift; path = "NSDate+WeatherDate.swift"; sourceTree = "<group>"; };
		C415659A1CCF2FC100CBE6B9 /* libWeiboSDK.a */ = {isa = PBXFileReference; lastKnownFileType = archive.ar; path = libWeiboSDK.a; sourceTree = "<group>"; };
		C415659B1CCF2FC100CBE6B9 /* WBHttpRequest+WeiboGame.h */ = {isa = PBXFileReference; fileEncoding = 4; lastKnownFileType = sourcecode.c.h; path = "WBHttpRequest+WeiboGame.h"; sourceTree = "<group>"; };
		C415659C1CCF2FC100CBE6B9 /* WBHttpRequest+WeiboShare.h */ = {isa = PBXFileReference; fileEncoding = 4; lastKnownFileType = sourcecode.c.h; path = "WBHttpRequest+WeiboShare.h"; sourceTree = "<group>"; };
		C415659D1CCF2FC100CBE6B9 /* WBHttpRequest+WeiboToken.h */ = {isa = PBXFileReference; fileEncoding = 4; lastKnownFileType = sourcecode.c.h; path = "WBHttpRequest+WeiboToken.h"; sourceTree = "<group>"; };
		C415659E1CCF2FC100CBE6B9 /* WBHttpRequest+WeiboUser.h */ = {isa = PBXFileReference; fileEncoding = 4; lastKnownFileType = sourcecode.c.h; path = "WBHttpRequest+WeiboUser.h"; sourceTree = "<group>"; };
		C415659F1CCF2FC100CBE6B9 /* WBHttpRequest.h */ = {isa = PBXFileReference; fileEncoding = 4; lastKnownFileType = sourcecode.c.h; path = WBHttpRequest.h; sourceTree = "<group>"; };
		C41565A01CCF2FC100CBE6B9 /* WBSDKBasicButton.h */ = {isa = PBXFileReference; fileEncoding = 4; lastKnownFileType = sourcecode.c.h; path = WBSDKBasicButton.h; sourceTree = "<group>"; };
		C41565A11CCF2FC100CBE6B9 /* WBSDKCommentButton.h */ = {isa = PBXFileReference; fileEncoding = 4; lastKnownFileType = sourcecode.c.h; path = WBSDKCommentButton.h; sourceTree = "<group>"; };
		C41565A21CCF2FC100CBE6B9 /* WBSDKRelationshipButton.h */ = {isa = PBXFileReference; fileEncoding = 4; lastKnownFileType = sourcecode.c.h; path = WBSDKRelationshipButton.h; sourceTree = "<group>"; };
		C41565A31CCF2FC100CBE6B9 /* WeiboSDK+Statistics.h */ = {isa = PBXFileReference; fileEncoding = 4; lastKnownFileType = sourcecode.c.h; path = "WeiboSDK+Statistics.h"; sourceTree = "<group>"; };
		C41565A41CCF2FC100CBE6B9 /* WeiboSDK.bundle */ = {isa = PBXFileReference; lastKnownFileType = "wrapper.plug-in"; path = WeiboSDK.bundle; sourceTree = "<group>"; };
		C41565A51CCF2FC100CBE6B9 /* WeiboSDK.h */ = {isa = PBXFileReference; fileEncoding = 4; lastKnownFileType = sourcecode.c.h; path = WeiboSDK.h; sourceTree = "<group>"; };
		C41565A61CCF2FC100CBE6B9 /* WeiboUser.h */ = {isa = PBXFileReference; fileEncoding = 4; lastKnownFileType = sourcecode.c.h; path = WeiboUser.h; sourceTree = "<group>"; };
		C44BA07F1CD8508B009FA914 /* RRouter.swift */ = {isa = PBXFileReference; fileEncoding = 4; lastKnownFileType = sourcecode.swift; path = RRouter.swift; sourceTree = "<group>"; };
		C44BA0861CD871A6009FA914 /* NotificationCenter.framework */ = {isa = PBXFileReference; lastKnownFileType = wrapper.framework; name = NotificationCenter.framework; path = System/Library/Frameworks/NotificationCenter.framework; sourceTree = SDKROOT; };
		C44BF21C1CBA3D980064376E /* RainReminder-Bridging-Header.h */ = {isa = PBXFileReference; lastKnownFileType = sourcecode.c.h; path = "RainReminder-Bridging-Header.h"; sourceTree = "<group>"; };
		C44BF21D1CBA3D990064376E /* MBProgressHUD.h */ = {isa = PBXFileReference; fileEncoding = 4; lastKnownFileType = sourcecode.c.h; path = MBProgressHUD.h; sourceTree = "<group>"; };
		C44BF21E1CBA3D990064376E /* MBProgressHUD.m */ = {isa = PBXFileReference; fileEncoding = 4; lastKnownFileType = sourcecode.c.objc; path = MBProgressHUD.m; sourceTree = "<group>"; };
		C44BF2201CBA3E4D0064376E /* iToast.h */ = {isa = PBXFileReference; fileEncoding = 4; lastKnownFileType = sourcecode.c.h; path = iToast.h; sourceTree = "<group>"; };
		C44BF2211CBA3E4D0064376E /* iToast.m */ = {isa = PBXFileReference; fileEncoding = 4; lastKnownFileType = sourcecode.c.objc; path = iToast.m; sourceTree = "<group>"; };
		C45FF88D1CBBA85F00D43701 /* FirstView.swift */ = {isa = PBXFileReference; fileEncoding = 4; lastKnownFileType = sourcecode.swift; path = FirstView.swift; sourceTree = "<group>"; };
		C45FF88F1CBBA89000D43701 /* FirstView.xib */ = {isa = PBXFileReference; fileEncoding = 4; lastKnownFileType = file.xib; path = FirstView.xib; sourceTree = "<group>"; };
		C45FF8921CBCAA1600D43701 /* chinese.ttf */ = {isa = PBXFileReference; lastKnownFileType = file; path = chinese.ttf; sourceTree = "<group>"; };
		C45FF8931CBCCB3000D43701 /* SupportTableTableViewController.swift */ = {isa = PBXFileReference; fileEncoding = 4; lastKnownFileType = sourcecode.swift; path = SupportTableTableViewController.swift; sourceTree = "<group>"; };
		C45FF8951CBCD05D00D43701 /* InteractiveAnimation.swift */ = {isa = PBXFileReference; fileEncoding = 4; lastKnownFileType = sourcecode.swift; path = InteractiveAnimation.swift; sourceTree = "<group>"; };
		C45FF8971CBCD80900D43701 /* TimePickerViewController.swift */ = {isa = PBXFileReference; fileEncoding = 4; lastKnownFileType = sourcecode.swift; path = TimePickerViewController.swift; sourceTree = "<group>"; };
		C45FF8991CBCD8B100D43701 /* DimmingPresentationController.swift */ = {isa = PBXFileReference; fileEncoding = 4; lastKnownFileType = sourcecode.swift; path = DimmingPresentationController.swift; sourceTree = "<group>"; };
		C45FF89B1CBCD8DB00D43701 /* GradientView.swift */ = {isa = PBXFileReference; fileEncoding = 4; lastKnownFileType = sourcecode.swift; path = GradientView.swift; sourceTree = "<group>"; };
		C46101351CCDE994003E549F /* WeiboAlert.swift */ = {isa = PBXFileReference; fileEncoding = 4; lastKnownFileType = sourcecode.swift; path = WeiboAlert.swift; sourceTree = "<group>"; };
		C46101371CCDE9E5003E549F /* WeiboAlert.xib */ = {isa = PBXFileReference; fileEncoding = 4; lastKnownFileType = file.xib; path = WeiboAlert.xib; sourceTree = "<group>"; };
		C46DC2ED1CBA95C8007B39A8 /* DINNextLTPro-Light.otf */ = {isa = PBXFileReference; lastKnownFileType = file; path = "DINNextLTPro-Light.otf"; sourceTree = "<group>"; };
		C46DC2EF1CBA96C9007B39A8 /* WeatherIcon.swift */ = {isa = PBXFileReference; fileEncoding = 4; lastKnownFileType = sourcecode.swift; path = WeatherIcon.swift; sourceTree = "<group>"; };
		C46DC2F21CBB3C38007B39A8 /* CityListCell.swift */ = {isa = PBXFileReference; fileEncoding = 4; lastKnownFileType = sourcecode.swift; path = CityListCell.swift; sourceTree = "<group>"; };
		C46DC2F31CBB3C38007B39A8 /* CityListCell.xib */ = {isa = PBXFileReference; fileEncoding = 4; lastKnownFileType = file.xib; path = CityListCell.xib; sourceTree = "<group>"; };
		C46DC2F61CBB3D39007B39A8 /* CityListViewController.swift */ = {isa = PBXFileReference; fileEncoding = 4; lastKnownFileType = sourcecode.swift; path = CityListViewController.swift; sourceTree = "<group>"; };
		C46DC2FC1CBB856F007B39A8 /* WeekWeatherCell.swift */ = {isa = PBXFileReference; fileEncoding = 4; lastKnownFileType = sourcecode.swift; path = WeekWeatherCell.swift; sourceTree = "<group>"; };
		C46DC2FD1CBB856F007B39A8 /* WeekWeatherCell.xib */ = {isa = PBXFileReference; fileEncoding = 4; lastKnownFileType = file.xib; path = WeekWeatherCell.xib; sourceTree = "<group>"; };
		C46DC3001CBB87E9007B39A8 /* WeekWeatherCollectionView.swift */ = {isa = PBXFileReference; fileEncoding = 4; lastKnownFileType = sourcecode.swift; path = WeekWeatherCollectionView.swift; sourceTree = "<group>"; };
		C46DC3021CBB9D58007B39A8 /* LaunchViewController.swift */ = {isa = PBXFileReference; fileEncoding = 4; lastKnownFileType = sourcecode.swift; path = LaunchViewController.swift; sourceTree = "<group>"; };
		C495795C1CB507CB0051D7C8 /* RainReminder.app */ = {isa = PBXFileReference; explicitFileType = wrapper.application; includeInIndex = 0; path = RainReminder.app; sourceTree = BUILT_PRODUCTS_DIR; };
		C495795F1CB507CB0051D7C8 /* AppDelegate.swift */ = {isa = PBXFileReference; lastKnownFileType = sourcecode.swift; path = AppDelegate.swift; sourceTree = "<group>"; };
		C49579611CB507CC0051D7C8 /* HomeController.swift */ = {isa = PBXFileReference; lastKnownFileType = sourcecode.swift; path = HomeController.swift; sourceTree = "<group>"; };
		C49579641CB507CC0051D7C8 /* Base */ = {isa = PBXFileReference; lastKnownFileType = file.storyboard; name = Base; path = Base.lproj/Main.storyboard; sourceTree = "<group>"; };
		C49579661CB507CC0051D7C8 /* Assets.xcassets */ = {isa = PBXFileReference; lastKnownFileType = folder.assetcatalog; path = Assets.xcassets; sourceTree = "<group>"; };
		C49579691CB507CC0051D7C8 /* Base */ = {isa = PBXFileReference; lastKnownFileType = file.storyboard; name = Base; path = Base.lproj/LaunchScreen.storyboard; sourceTree = "<group>"; };
		C495796B1CB507CC0051D7C8 /* Info.plist */ = {isa = PBXFileReference; lastKnownFileType = text.plist.xml; path = Info.plist; sourceTree = "<group>"; };
		C49579751CB50BC00051D7C8 /* Functions.swift */ = {isa = PBXFileReference; fileEncoding = 4; lastKnownFileType = sourcecode.swift; path = Functions.swift; sourceTree = "<group>"; };
		C497902D1CB6474C00EDF314 /* GeoInfoModel.swift */ = {isa = PBXFileReference; fileEncoding = 4; lastKnownFileType = sourcecode.swift; path = GeoInfoModel.swift; sourceTree = "<group>"; };
		C49790301CB65A8D00EDF314 /* weathericons-regular-webfont.ttf */ = {isa = PBXFileReference; lastKnownFileType = file; path = "weathericons-regular-webfont.ttf"; sourceTree = "<group>"; };
		C49790361CB6A91700EDF314 /* ServerResult.swift */ = {isa = PBXFileReference; fileEncoding = 4; lastKnownFileType = sourcecode.swift; path = ServerResult.swift; sourceTree = "<group>"; };
		C49790381CB6A93B00EDF314 /* WeatherResult.swift */ = {isa = PBXFileReference; fileEncoding = 4; lastKnownFileType = sourcecode.swift; path = WeatherResult.swift; sourceTree = "<group>"; };
		C497903A1CB6A94700EDF314 /* DailyResult.swift */ = {isa = PBXFileReference; fileEncoding = 4; lastKnownFileType = sourcecode.swift; path = DailyResult.swift; sourceTree = "<group>"; };
		C49790401CB7487700EDF314 /* ParserXML.swift */ = {isa = PBXFileReference; fileEncoding = 4; lastKnownFileType = sourcecode.swift; path = ParserXML.swift; sourceTree = "<group>"; };
		C49790421CB748B400EDF314 /* City.swift */ = {isa = PBXFileReference; fileEncoding = 4; lastKnownFileType = sourcecode.swift; path = City.swift; sourceTree = "<group>"; };
		C49790431CB748B400EDF314 /* Citys.xml */ = {isa = PBXFileReference; fileEncoding = 4; lastKnownFileType = text.xml; path = Citys.xml; sourceTree = "<group>"; };
		C49790461CB7509900EDF314 /* DataModel.swift */ = {isa = PBXFileReference; fileEncoding = 4; lastKnownFileType = sourcecode.swift; path = DataModel.swift; sourceTree = "<group>"; };
		C4BD71261E1A64CF00912DBC /* SwiftyJSON.swift */ = {isa = PBXFileReference; fileEncoding = 4; lastKnownFileType = sourcecode.swift; path = SwiftyJSON.swift; sourceTree = "<group>"; };
		C4BD712C1E1A7D6A00912DBC /* NetWorkTools.swift */ = {isa = PBXFileReference; fileEncoding = 4; lastKnownFileType = sourcecode.swift; path = NetWorkTools.swift; sourceTree = "<group>"; };
		C4D577501CE2C58E00A6FD73 /* Reachability.swift */ = {isa = PBXFileReference; fileEncoding = 4; lastKnownFileType = sourcecode.swift; path = Reachability.swift; sourceTree = "<group>"; };
		C4DA1FD91CD9A2150040F802 /* RainReminderTodayWidget.appex */ = {isa = PBXFileReference; explicitFileType = "wrapper.app-extension"; includeInIndex = 0; path = RainReminderTodayWidget.appex; sourceTree = BUILT_PRODUCTS_DIR; };
		C4DA1FDC1CD9A2150040F802 /* TodayViewController.swift */ = {isa = PBXFileReference; lastKnownFileType = sourcecode.swift; path = TodayViewController.swift; sourceTree = "<group>"; };
		C4DA1FDF1CD9A2150040F802 /* Base */ = {isa = PBXFileReference; lastKnownFileType = file.storyboard; name = Base; path = Base.lproj/MainInterface.storyboard; sourceTree = "<group>"; };
		C4DA1FE11CD9A2150040F802 /* Info.plist */ = {isa = PBXFileReference; lastKnownFileType = text.plist.xml; path = Info.plist; sourceTree = "<group>"; };
		C4DA1FE81CD9A8350040F802 /* RainReminder.entitlements */ = {isa = PBXFileReference; lastKnownFileType = text.xml; path = RainReminder.entitlements; sourceTree = "<group>"; };
		C4DA1FE91CD9B8260040F802 /* today.entitlements */ = {isa = PBXFileReference; lastKnownFileType = text.xml; path = today.entitlements; sourceTree = "<group>"; };
		C4E5DB161CD9E65C00D3A397 /* weathericons-regular-webfont.ttf */ = {isa = PBXFileReference; lastKnownFileType = file; path = "weathericons-regular-webfont.ttf"; sourceTree = "<group>"; };
		C4F991931CC9D99300C8CD32 /* CoreGraphics.framework */ = {isa = PBXFileReference; lastKnownFileType = wrapper.framework; name = CoreGraphics.framework; path = System/Library/Frameworks/CoreGraphics.framework; sourceTree = SDKROOT; };
		C4F991951CC9D99F00C8CD32 /* Foundation.framework */ = {isa = PBXFileReference; lastKnownFileType = wrapper.framework; name = Foundation.framework; path = System/Library/Frameworks/Foundation.framework; sourceTree = SDKROOT; };
		C4F991971CC9D9A700C8CD32 /* UIKit.framework */ = {isa = PBXFileReference; lastKnownFileType = wrapper.framework; name = UIKit.framework; path = System/Library/Frameworks/UIKit.framework; sourceTree = SDKROOT; };
		C4F991991CC9D9B200C8CD32 /* CoreTelephony.framework */ = {isa = PBXFileReference; lastKnownFileType = wrapper.framework; name = CoreTelephony.framework; path = System/Library/Frameworks/CoreTelephony.framework; sourceTree = SDKROOT; };
		C4F9919B1CC9D9B900C8CD32 /* CoreText.framework */ = {isa = PBXFileReference; lastKnownFileType = wrapper.framework; name = CoreText.framework; path = System/Library/Frameworks/CoreText.framework; sourceTree = SDKROOT; };
		C4F9919D1CC9D9C000C8CD32 /* Security.framework */ = {isa = PBXFileReference; lastKnownFileType = wrapper.framework; name = Security.framework; path = System/Library/Frameworks/Security.framework; sourceTree = SDKROOT; };
		C4F9919F1CC9D9CB00C8CD32 /* SystemConfiguration.framework */ = {isa = PBXFileReference; lastKnownFileType = wrapper.framework; name = SystemConfiguration.framework; path = System/Library/Frameworks/SystemConfiguration.framework; sourceTree = SDKROOT; };
		C4F991A11CC9D9D500C8CD32 /* ImageIO.framework */ = {isa = PBXFileReference; lastKnownFileType = wrapper.framework; name = ImageIO.framework; path = System/Library/Frameworks/ImageIO.framework; sourceTree = SDKROOT; };
		C4F991A31CC9D9DD00C8CD32 /* QuartzCore.framework */ = {isa = PBXFileReference; lastKnownFileType = wrapper.framework; name = QuartzCore.framework; path = System/Library/Frameworks/QuartzCore.framework; sourceTree = SDKROOT; };
		C4F991A51CC9DA5A00C8CD32 /* libsqlite3.tbd */ = {isa = PBXFileReference; lastKnownFileType = "sourcecode.text-based-dylib-definition"; name = libsqlite3.tbd; path = usr/lib/libsqlite3.tbd; sourceTree = SDKROOT; };
		C4F991A71CC9DA6300C8CD32 /* libz.tbd */ = {isa = PBXFileReference; lastKnownFileType = "sourcecode.text-based-dylib-definition"; name = libz.tbd; path = usr/lib/libz.tbd; sourceTree = SDKROOT; };
/* End PBXFileReference section */

/* Begin PBXFrameworksBuildPhase section */
		C49579591CB507CB0051D7C8 /* Frameworks */ = {
			isa = PBXFrameworksBuildPhase;
			buildActionMask = 2147483647;
			files = (
				C4F991A81CC9DA6300C8CD32 /* libz.tbd in Frameworks */,
				C4F991A61CC9DA5A00C8CD32 /* libsqlite3.tbd in Frameworks */,
				C4F991A41CC9D9DD00C8CD32 /* QuartzCore.framework in Frameworks */,
				C4F991A21CC9D9D500C8CD32 /* ImageIO.framework in Frameworks */,
				C4F991A01CC9D9CB00C8CD32 /* SystemConfiguration.framework in Frameworks */,
				C4F9919E1CC9D9C000C8CD32 /* Security.framework in Frameworks */,
				C4F9919C1CC9D9B900C8CD32 /* CoreText.framework in Frameworks */,
				C4F9919A1CC9D9B200C8CD32 /* CoreTelephony.framework in Frameworks */,
				C41565A71CCF2FC100CBE6B9 /* libWeiboSDK.a in Frameworks */,
				C4F991981CC9D9A700C8CD32 /* UIKit.framework in Frameworks */,
				C4F991961CC9D99F00C8CD32 /* Foundation.framework in Frameworks */,
				C4F991941CC9D99300C8CD32 /* CoreGraphics.framework in Frameworks */,
				AB15652A0B5FF123038AF9BE /* Pods_RainReminder.framework in Frameworks */,
			);
			runOnlyForDeploymentPostprocessing = 0;
		};
		C4DA1FD61CD9A2150040F802 /* Frameworks */ = {
			isa = PBXFrameworksBuildPhase;
			buildActionMask = 2147483647;
			files = (
				C4DA1FDA1CD9A2150040F802 /* NotificationCenter.framework in Frameworks */,
			);
			runOnlyForDeploymentPostprocessing = 0;
		};
/* End PBXFrameworksBuildPhase section */

/* Begin PBXGroup section */
		0A89A2FCE75742ED8A17B15C /* Pods */ = {
			isa = PBXGroup;
			children = (
				8EDD3B849D8133BE06080AC4 /* Pods-RainReminder.debug.xcconfig */,
				1852D5D2D5323C289BC4FCBC /* Pods-RainReminder.release.xcconfig */,
			);
			name = Pods;
			sourceTree = "<group>";
		};
		12FC7F4AC66240BA58825461 /* Frameworks */ = {
			isa = PBXGroup;
			children = (
				C4F991A71CC9DA6300C8CD32 /* libz.tbd */,
				C4F991A51CC9DA5A00C8CD32 /* libsqlite3.tbd */,
				C4F991A31CC9D9DD00C8CD32 /* QuartzCore.framework */,
				C4F991A11CC9D9D500C8CD32 /* ImageIO.framework */,
				C4F9919F1CC9D9CB00C8CD32 /* SystemConfiguration.framework */,
				C4F9919D1CC9D9C000C8CD32 /* Security.framework */,
				C4F9919B1CC9D9B900C8CD32 /* CoreText.framework */,
				C4F991991CC9D9B200C8CD32 /* CoreTelephony.framework */,
				C4F991971CC9D9A700C8CD32 /* UIKit.framework */,
				C4F991951CC9D99F00C8CD32 /* Foundation.framework */,
				C4F991931CC9D99300C8CD32 /* CoreGraphics.framework */,
				83C76F579E19FC009CB48505 /* Pods_RainReminder.framework */,
				C44BA0861CD871A6009FA914 /* NotificationCenter.framework */,
			);
			name = Frameworks;
			sourceTree = "<group>";
		};
		C41565991CCF2FC100CBE6B9 /* libWeiboSDK */ = {
			isa = PBXGroup;
			children = (
				C415659A1CCF2FC100CBE6B9 /* libWeiboSDK.a */,
				C415659B1CCF2FC100CBE6B9 /* WBHttpRequest+WeiboGame.h */,
				C415659C1CCF2FC100CBE6B9 /* WBHttpRequest+WeiboShare.h */,
				C415659D1CCF2FC100CBE6B9 /* WBHttpRequest+WeiboToken.h */,
				C415659E1CCF2FC100CBE6B9 /* WBHttpRequest+WeiboUser.h */,
				C415659F1CCF2FC100CBE6B9 /* WBHttpRequest.h */,
				C41565A01CCF2FC100CBE6B9 /* WBSDKBasicButton.h */,
				C41565A11CCF2FC100CBE6B9 /* WBSDKCommentButton.h */,
				C41565A21CCF2FC100CBE6B9 /* WBSDKRelationshipButton.h */,
				C41565A31CCF2FC100CBE6B9 /* WeiboSDK+Statistics.h */,
				C41565A41CCF2FC100CBE6B9 /* WeiboSDK.bundle */,
				C41565A51CCF2FC100CBE6B9 /* WeiboSDK.h */,
				C41565A61CCF2FC100CBE6B9 /* WeiboUser.h */,
			);
			path = libWeiboSDK;
			sourceTree = "<group>";
		};
		C44BA07B1CD8500D009FA914 /* iToast */ = {
			isa = PBXGroup;
			children = (
				C44BF2201CBA3E4D0064376E /* iToast.h */,
				C44BF2211CBA3E4D0064376E /* iToast.m */,
			);
			name = iToast;
			sourceTree = "<group>";
		};
		C44BA07C1CD85018009FA914 /* MBProgressHUD */ = {
			isa = PBXGroup;
			children = (
				C44BF21D1CBA3D990064376E /* MBProgressHUD.h */,
				C44BF21E1CBA3D990064376E /* MBProgressHUD.m */,
			);
			name = MBProgressHUD;
			sourceTree = "<group>";
		};
		C44BA07D1CD85033009FA914 /* fonts */ = {
			isa = PBXGroup;
			children = (
				C49790301CB65A8D00EDF314 /* weathericons-regular-webfont.ttf */,
				C45FF8921CBCAA1600D43701 /* chinese.ttf */,
				C46DC2ED1CBA95C8007B39A8 /* DINNextLTPro-Light.otf */,
			);
			name = fonts;
			sourceTree = "<group>";
		};
		C44BA07E1CD85045009FA914 /* animate */ = {
			isa = PBXGroup;
			children = (
				C45FF89B1CBCD8DB00D43701 /* GradientView.swift */,
				C45FF8991CBCD8B100D43701 /* DimmingPresentationController.swift */,
				C45FF8951CBCD05D00D43701 /* InteractiveAnimation.swift */,
			);
			name = animate;
			sourceTree = "<group>";
		};
		C466B7311CDA384B00F1717E /* FirstView */ = {
			isa = PBXGroup;
			children = (
				C45FF88F1CBBA89000D43701 /* FirstView.xib */,
				C45FF88D1CBBA85F00D43701 /* FirstView.swift */,
			);
			name = FirstView;
			sourceTree = "<group>";
		};
		C466B7321CDA386200F1717E /* WeiboShare */ = {
			isa = PBXGroup;
			children = (
				C46101351CCDE994003E549F /* WeiboAlert.swift */,
				C46101371CCDE9E5003E549F /* WeiboAlert.xib */,
			);
			name = WeiboShare;
			sourceTree = "<group>";
		};
		C466B7331CDA386A00F1717E /* CitySearsh */ = {
			isa = PBXGroup;
			children = (
				C46DC2F61CBB3D39007B39A8 /* CityListViewController.swift */,
				C46DC2F21CBB3C38007B39A8 /* CityListCell.swift */,
				C46DC2F31CBB3C38007B39A8 /* CityListCell.xib */,
			);
			name = CitySearsh;
			sourceTree = "<group>";
		};
		C466B7341CDA389500F1717E /* WeekView */ = {
			isa = PBXGroup;
			children = (
				C46DC2FC1CBB856F007B39A8 /* WeekWeatherCell.swift */,
				C46DC2FD1CBB856F007B39A8 /* WeekWeatherCell.xib */,
				C46DC3001CBB87E9007B39A8 /* WeekWeatherCollectionView.swift */,
			);
			name = WeekView;
			sourceTree = "<group>";
		};
		C46DC2F11CBB3BC8007B39A8 /* View */ = {
			isa = PBXGroup;
			children = (
				C49579611CB507CC0051D7C8 /* HomeController.swift */,
				C49579631CB507CC0051D7C8 /* Main.storyboard */,
				C466B7311CDA384B00F1717E /* FirstView */,
				C466B7321CDA386200F1717E /* WeiboShare */,
				C466B7331CDA386A00F1717E /* CitySearsh */,
				C466B7341CDA389500F1717E /* WeekView */,
				C46DC3021CBB9D58007B39A8 /* LaunchViewController.swift */,
				C45FF8971CBCD80900D43701 /* TimePickerViewController.swift */,
				C45FF8931CBCCB3000D43701 /* SupportTableTableViewController.swift */,
			);
			name = View;
			sourceTree = "<group>";
		};
		C49579531CB507CB0051D7C8 = {
			isa = PBXGroup;
			children = (
				C495795E1CB507CB0051D7C8 /* RainReminder */,
				C4DA1FDB1CD9A2150040F802 /* today */,
				C495795D1CB507CB0051D7C8 /* Products */,
				0A89A2FCE75742ED8A17B15C /* Pods */,
				12FC7F4AC66240BA58825461 /* Frameworks */,
			);
			sourceTree = "<group>";
		};
		C495795D1CB507CB0051D7C8 /* Products */ = {
			isa = PBXGroup;
			children = (
				C495795C1CB507CB0051D7C8 /* RainReminder.app */,
				C4DA1FD91CD9A2150040F802 /* RainReminderTodayWidget.appex */,
			);
			name = Products;
			sourceTree = "<group>";
		};
		C495795E1CB507CB0051D7C8 /* RainReminder */ = {
			isa = PBXGroup;
			children = (
				C4DA1FE81CD9A8350040F802 /* RainReminder.entitlements */,
				C46DC2F11CBB3BC8007B39A8 /* View */,
				C49790331CB6A60D00EDF314 /* Services */,
				C497902F1CB6475000EDF314 /* Model */,
				C49579711CB50B3A0051D7C8 /* Tools */,
				C49579721CB50B470051D7C8 /* Support Files */,
			);
			path = RainReminder;
			sourceTree = "<group>";
		};
		C49579711CB50B3A0051D7C8 /* Tools */ = {
			isa = PBXGroup;
			children = (
				C4BD71261E1A64CF00912DBC /* SwiftyJSON.swift */,
				C41565991CCF2FC100CBE6B9 /* libWeiboSDK */,
				C44BA07E1CD85045009FA914 /* animate */,
				C44BA07B1CD8500D009FA914 /* iToast */,
				C44BA07C1CD85018009FA914 /* MBProgressHUD */,
				C49579751CB50BC00051D7C8 /* Functions.swift */,
				C49790401CB7487700EDF314 /* ParserXML.swift */,
				C44BF21C1CBA3D980064376E /* RainReminder-Bridging-Header.h */,
				C40907311CDADCB200F6032C /* NSDate+WeatherDate.swift */,
				C4D577501CE2C58E00A6FD73 /* Reachability.swift */,
				C4BD712C1E1A7D6A00912DBC /* NetWorkTools.swift */,
			);
			name = Tools;
			sourceTree = "<group>";
		};
		C49579721CB50B470051D7C8 /* Support Files */ = {
			isa = PBXGroup;
			children = (
				C44BA07D1CD85033009FA914 /* fonts */,
				C49790431CB748B400EDF314 /* Citys.xml */,
				C49579661CB507CC0051D7C8 /* Assets.xcassets */,
				C495796B1CB507CC0051D7C8 /* Info.plist */,
				C49579681CB507CC0051D7C8 /* LaunchScreen.storyboard */,
				C495795F1CB507CB0051D7C8 /* AppDelegate.swift */,
			);
			name = "Support Files";
			sourceTree = "<group>";
		};
		C497902F1CB6475000EDF314 /* Model */ = {
			isa = PBXGroup;
			children = (
				C46DC2EF1CBA96C9007B39A8 /* WeatherIcon.swift */,
				C497902D1CB6474C00EDF314 /* GeoInfoModel.swift */,
				C49790381CB6A93B00EDF314 /* WeatherResult.swift */,
				C497903A1CB6A94700EDF314 /* DailyResult.swift */,
				C49790421CB748B400EDF314 /* City.swift */,
				C49790461CB7509900EDF314 /* DataModel.swift */,
			);
			name = Model;
			sourceTree = "<group>";
		};
		C49790331CB6A60D00EDF314 /* Services */ = {
			isa = PBXGroup;
			children = (
				C49790361CB6A91700EDF314 /* ServerResult.swift */,
				C44BA07F1CD8508B009FA914 /* RRouter.swift */,
			);
			name = Services;
			sourceTree = "<group>";
		};
		C4DA1FDB1CD9A2150040F802 /* today */ = {
			isa = PBXGroup;
			children = (
				C4E5DB161CD9E65C00D3A397 /* weathericons-regular-webfont.ttf */,
				C4DA1FE91CD9B8260040F802 /* today.entitlements */,
				C4DA1FDC1CD9A2150040F802 /* TodayViewController.swift */,
				C4DA1FDE1CD9A2150040F802 /* MainInterface.storyboard */,
				C4DA1FE11CD9A2150040F802 /* Info.plist */,
			);
			path = today;
			sourceTree = "<group>";
		};
/* End PBXGroup section */

/* Begin PBXNativeTarget section */
		C495795B1CB507CB0051D7C8 /* RainReminder */ = {
			isa = PBXNativeTarget;
			buildConfigurationList = C495796E1CB507CC0051D7C8 /* Build configuration list for PBXNativeTarget "RainReminder" */;
			buildPhases = (
				446C27A556E0402E781EF271 /* [CP] Check Pods Manifest.lock */,
				C49579581CB507CB0051D7C8 /* Sources */,
				C49579591CB507CB0051D7C8 /* Frameworks */,
				C495795A1CB507CB0051D7C8 /* Resources */,
				FDE1C0E0B4F8FFEC38982169 /* [CP] Embed Pods Frameworks */,
				09DD3141BB8320B0079E5A74 /* [CP] Copy Pods Resources */,
				C44BA0951CD871A6009FA914 /* Embed App Extensions */,
			);
			buildRules = (
			);
			dependencies = (
				C4DA1FE31CD9A2150040F802 /* PBXTargetDependency */,
			);
			name = RainReminder;
			productName = RainReminder;
			productReference = C495795C1CB507CB0051D7C8 /* RainReminder.app */;
			productType = "com.apple.product-type.application";
		};
		C4DA1FD81CD9A2150040F802 /* RainReminderTodayWidget */ = {
			isa = PBXNativeTarget;
			buildConfigurationList = C4DA1FE71CD9A2150040F802 /* Build configuration list for PBXNativeTarget "RainReminderTodayWidget" */;
			buildPhases = (
				C4DA1FD51CD9A2150040F802 /* Sources */,
				C4DA1FD61CD9A2150040F802 /* Frameworks */,
				C4DA1FD71CD9A2150040F802 /* Resources */,
			);
			buildRules = (
			);
			dependencies = (
			);
			name = RainReminderTodayWidget;
			productName = today;
			productReference = C4DA1FD91CD9A2150040F802 /* RainReminderTodayWidget.appex */;
			productType = "com.apple.product-type.app-extension";
		};
/* End PBXNativeTarget section */

/* Begin PBXProject section */
		C49579541CB507CB0051D7C8 /* Project object */ = {
			isa = PBXProject;
			attributes = {
				LastSwiftUpdateCheck = 0730;
				LastUpgradeCheck = 0820;
				ORGANIZATIONNAME = ChaosTong;
				TargetAttributes = {
					C495795B1CB507CB0051D7C8 = {
						CreatedOnToolsVersion = 7.2;
						DevelopmentTeam = 9Y74876TPS;
						LastSwiftMigration = 0820;
						ProvisioningStyle = Manual;
						SystemCapabilities = {
							com.apple.ApplicationGroups.iOS = {
								enabled = 1;
							};
							com.apple.Push = {
								enabled = 1;
							};
						};
					};
					C4DA1FD81CD9A2150040F802 = {
						CreatedOnToolsVersion = 7.3;
						DevelopmentTeam = 9Y74876TPS;
						LastSwiftMigration = 0820;
						ProvisioningStyle = Manual;
						SystemCapabilities = {
							com.apple.ApplicationGroups.iOS = {
								enabled = 1;
							};
						};
					};
				};
			};
			buildConfigurationList = C49579571CB507CB0051D7C8 /* Build configuration list for PBXProject "RainReminder" */;
			compatibilityVersion = "Xcode 3.2";
			developmentRegion = English;
			hasScannedForEncodings = 0;
			knownRegions = (
				en,
				Base,
				"zh-Hans",
			);
			mainGroup = C49579531CB507CB0051D7C8;
			productRefGroup = C495795D1CB507CB0051D7C8 /* Products */;
			projectDirPath = "";
			projectRoot = "";
			targets = (
				C495795B1CB507CB0051D7C8 /* RainReminder */,
				C4DA1FD81CD9A2150040F802 /* RainReminderTodayWidget */,
			);
		};
/* End PBXProject section */

/* Begin PBXResourcesBuildPhase section */
		C495795A1CB507CB0051D7C8 /* Resources */ = {
			isa = PBXResourcesBuildPhase;
			buildActionMask = 2147483647;
			files = (
				C46DC2FF1CBB856F007B39A8 /* WeekWeatherCell.xib in Resources */,
				C495796A1CB507CC0051D7C8 /* LaunchScreen.storyboard in Resources */,
				C46DC2EE1CBA95C8007B39A8 /* DINNextLTPro-Light.otf in Resources */,
				C49579671CB507CC0051D7C8 /* Assets.xcassets in Resources */,
				C45FF8901CBBA89000D43701 /* FirstView.xib in Resources */,
				C46DC2F51CBB3C38007B39A8 /* CityListCell.xib in Resources */,
				C49790451CB748B400EDF314 /* Citys.xml in Resources */,
				C49790311CB65A8D00EDF314 /* weathericons-regular-webfont.ttf in Resources */,
				C41565A81CCF2FC100CBE6B9 /* WeiboSDK.bundle in Resources */,
				C49579651CB507CC0051D7C8 /* Main.storyboard in Resources */,
				C46101381CCDE9E5003E549F /* WeiboAlert.xib in Resources */,
			);
			runOnlyForDeploymentPostprocessing = 0;
		};
		C4DA1FD71CD9A2150040F802 /* Resources */ = {
			isa = PBXResourcesBuildPhase;
			buildActionMask = 2147483647;
			files = (
				C4E5DB171CD9E65C00D3A397 /* weathericons-regular-webfont.ttf in Resources */,
				C4DA1FE01CD9A2150040F802 /* MainInterface.storyboard in Resources */,
			);
			runOnlyForDeploymentPostprocessing = 0;
		};
/* End PBXResourcesBuildPhase section */

/* Begin PBXShellScriptBuildPhase section */
		09DD3141BB8320B0079E5A74 /* [CP] Copy Pods Resources */ = {
			isa = PBXShellScriptBuildPhase;
			buildActionMask = 2147483647;
			files = (
			);
			inputPaths = (
			);
			name = "[CP] Copy Pods Resources";
			outputPaths = (
			);
			runOnlyForDeploymentPostprocessing = 0;
			shellPath = /bin/sh;
			shellScript = "\"${SRCROOT}/Pods/Target Support Files/Pods-RainReminder/Pods-RainReminder-resources.sh\"\n";
			showEnvVarsInLog = 0;
		};
		446C27A556E0402E781EF271 /* [CP] Check Pods Manifest.lock */ = {
			isa = PBXShellScriptBuildPhase;
			buildActionMask = 2147483647;
			files = (
			);
			inputPaths = (
			);
			name = "[CP] Check Pods Manifest.lock";
			outputPaths = (
			);
			runOnlyForDeploymentPostprocessing = 0;
			shellPath = /bin/sh;
			shellScript = "diff \"${PODS_ROOT}/../Podfile.lock\" \"${PODS_ROOT}/Manifest.lock\" > /dev/null\nif [[ $? != 0 ]] ; then\n    cat << EOM\nerror: The sandbox is not in sync with the Podfile.lock. Run 'pod install' or update your CocoaPods installation.\nEOM\n    exit 1\nfi\n";
			showEnvVarsInLog = 0;
		};
		FDE1C0E0B4F8FFEC38982169 /* [CP] Embed Pods Frameworks */ = {
			isa = PBXShellScriptBuildPhase;
			buildActionMask = 2147483647;
			files = (
			);
			inputPaths = (
			);
			name = "[CP] Embed Pods Frameworks";
			outputPaths = (
			);
			runOnlyForDeploymentPostprocessing = 0;
			shellPath = /bin/sh;
			shellScript = "\"${SRCROOT}/Pods/Target Support Files/Pods-RainReminder/Pods-RainReminder-frameworks.sh\"\n";
			showEnvVarsInLog = 0;
		};
/* End PBXShellScriptBuildPhase section */

/* Begin PBXSourcesBuildPhase section */
		C49579581CB507CB0051D7C8 /* Sources */ = {
			isa = PBXSourcesBuildPhase;
			buildActionMask = 2147483647;
			files = (
				C44BF2221CBA3E4D0064376E /* iToast.m in Sources */,
				C45FF88E1CBBA85F00D43701 /* FirstView.swift in Sources */,
				C46DC3011CBB87E9007B39A8 /* WeekWeatherCollectionView.swift in Sources */,
				C45FF8961CBCD05D00D43701 /* InteractiveAnimation.swift in Sources */,
				C46DC2F01CBA96C9007B39A8 /* WeatherIcon.swift in Sources */,
				C45FF8981CBCD80900D43701 /* TimePickerViewController.swift in Sources */,
				C49579621CB507CC0051D7C8 /* HomeController.swift in Sources */,
				C4D577511CE2C58E00A6FD73 /* Reachability.swift in Sources */,
				C45FF8941CBCCB3000D43701 /* SupportTableTableViewController.swift in Sources */,
				C497903B1CB6A94700EDF314 /* DailyResult.swift in Sources */,
				C46DC2FE1CBB856F007B39A8 /* WeekWeatherCell.swift in Sources */,
				C497902E1CB6474C00EDF314 /* GeoInfoModel.swift in Sources */,
				C45FF89A1CBCD8B100D43701 /* DimmingPresentationController.swift in Sources */,
				C46DC2F41CBB3C38007B39A8 /* CityListCell.swift in Sources */,
				C49579601CB507CB0051D7C8 /* AppDelegate.swift in Sources */,
				C49790471CB7509900EDF314 /* DataModel.swift in Sources */,
				C40907321CDADCB200F6032C /* NSDate+WeatherDate.swift in Sources */,
				C49790391CB6A93B00EDF314 /* WeatherResult.swift in Sources */,
				C44BF21F1CBA3D990064376E /* MBProgressHUD.m in Sources */,
				C46DC3031CBB9D58007B39A8 /* LaunchViewController.swift in Sources */,
				C4BD712D1E1A7D6A00912DBC /* NetWorkTools.swift in Sources */,
				C46DC2F71CBB3D39007B39A8 /* CityListViewController.swift in Sources */,
				C49790441CB748B400EDF314 /* City.swift in Sources */,
				C49790371CB6A91700EDF314 /* ServerResult.swift in Sources */,
				C44BA0801CD8508B009FA914 /* RRouter.swift in Sources */,
				C45FF89C1CBCD8DB00D43701 /* GradientView.swift in Sources */,
				C49790411CB7487700EDF314 /* ParserXML.swift in Sources */,
				C4BD71271E1A64CF00912DBC /* SwiftyJSON.swift in Sources */,
				C49579761CB50BC00051D7C8 /* Functions.swift in Sources */,
				C46101361CCDE994003E549F /* WeiboAlert.swift in Sources */,
			);
			runOnlyForDeploymentPostprocessing = 0;
		};
		C4DA1FD51CD9A2150040F802 /* Sources */ = {
			isa = PBXSourcesBuildPhase;
			buildActionMask = 2147483647;
			files = (
				C4DA1FDD1CD9A2150040F802 /* TodayViewController.swift in Sources */,
			);
			runOnlyForDeploymentPostprocessing = 0;
		};
/* End PBXSourcesBuildPhase section */

/* Begin PBXTargetDependency section */
		C4DA1FE31CD9A2150040F802 /* PBXTargetDependency */ = {
			isa = PBXTargetDependency;
			target = C4DA1FD81CD9A2150040F802 /* RainReminderTodayWidget */;
			targetProxy = C4DA1FE21CD9A2150040F802 /* PBXContainerItemProxy */;
		};
/* End PBXTargetDependency section */

/* Begin PBXVariantGroup section */
		C49579631CB507CC0051D7C8 /* Main.storyboard */ = {
			isa = PBXVariantGroup;
			children = (
				C49579641CB507CC0051D7C8 /* Base */,
			);
			name = Main.storyboard;
			sourceTree = "<group>";
		};
		C49579681CB507CC0051D7C8 /* LaunchScreen.storyboard */ = {
			isa = PBXVariantGroup;
			children = (
				C49579691CB507CC0051D7C8 /* Base */,
			);
			name = LaunchScreen.storyboard;
			sourceTree = "<group>";
		};
		C4DA1FDE1CD9A2150040F802 /* MainInterface.storyboard */ = {
			isa = PBXVariantGroup;
			children = (
				C4DA1FDF1CD9A2150040F802 /* Base */,
			);
			name = MainInterface.storyboard;
			sourceTree = "<group>";
		};
/* End PBXVariantGroup section */

/* Begin XCBuildConfiguration section */
		C495796C1CB507CC0051D7C8 /* Debug */ = {
			isa = XCBuildConfiguration;
			buildSettings = {
				ALWAYS_SEARCH_USER_PATHS = NO;
				CLANG_ANALYZER_LOCALIZABILITY_NONLOCALIZED = YES;
				CLANG_CXX_LANGUAGE_STANDARD = "gnu++0x";
				CLANG_CXX_LIBRARY = "libc++";
				CLANG_ENABLE_MODULES = YES;
				CLANG_ENABLE_OBJC_ARC = YES;
				CLANG_WARN_BOOL_CONVERSION = YES;
				CLANG_WARN_CONSTANT_CONVERSION = YES;
				CLANG_WARN_DIRECT_OBJC_ISA_USAGE = YES_ERROR;
				CLANG_WARN_EMPTY_BODY = YES;
				CLANG_WARN_ENUM_CONVERSION = YES;
				CLANG_WARN_INFINITE_RECURSION = YES;
				CLANG_WARN_INT_CONVERSION = YES;
				CLANG_WARN_OBJC_ROOT_CLASS = YES_ERROR;
				CLANG_WARN_SUSPICIOUS_MOVE = YES;
				CLANG_WARN_UNREACHABLE_CODE = YES;
				CLANG_WARN__DUPLICATE_METHOD_MATCH = YES;
				"CODE_SIGN_IDENTITY[sdk=iphoneos*]" = "iPhone Developer: CHAO TONG (34R6G95PN5)";
				COPY_PHASE_STRIP = NO;
				DEBUG_INFORMATION_FORMAT = dwarf;
				ENABLE_STRICT_OBJC_MSGSEND = YES;
				ENABLE_TESTABILITY = YES;
				GCC_C_LANGUAGE_STANDARD = gnu99;
				GCC_DYNAMIC_NO_PIC = NO;
				GCC_NO_COMMON_BLOCKS = YES;
				GCC_OPTIMIZATION_LEVEL = 0;
				GCC_PREPROCESSOR_DEFINITIONS = (
					"DEBUG=1",
					"$(inherited)",
				);
				GCC_WARN_64_TO_32_BIT_CONVERSION = YES;
				GCC_WARN_ABOUT_RETURN_TYPE = YES_ERROR;
				GCC_WARN_UNDECLARED_SELECTOR = YES;
				GCC_WARN_UNINITIALIZED_AUTOS = YES_AGGRESSIVE;
				GCC_WARN_UNUSED_FUNCTION = YES;
				GCC_WARN_UNUSED_VARIABLE = YES;
				IPHONEOS_DEPLOYMENT_TARGET = 9.0;
				MTL_ENABLE_DEBUG_INFO = YES;
				ONLY_ACTIVE_ARCH = YES;
				SDKROOT = iphoneos;
				SWIFT_OPTIMIZATION_LEVEL = "-Onone";
			};
			name = Debug;
		};
		C495796D1CB507CC0051D7C8 /* Release */ = {
			isa = XCBuildConfiguration;
			buildSettings = {
				ALWAYS_SEARCH_USER_PATHS = NO;
				CLANG_ANALYZER_LOCALIZABILITY_NONLOCALIZED = YES;
				CLANG_CXX_LANGUAGE_STANDARD = "gnu++0x";
				CLANG_CXX_LIBRARY = "libc++";
				CLANG_ENABLE_MODULES = YES;
				CLANG_ENABLE_OBJC_ARC = YES;
				CLANG_WARN_BOOL_CONVERSION = YES;
				CLANG_WARN_CONSTANT_CONVERSION = YES;
				CLANG_WARN_DIRECT_OBJC_ISA_USAGE = YES_ERROR;
				CLANG_WARN_EMPTY_BODY = YES;
				CLANG_WARN_ENUM_CONVERSION = YES;
				CLANG_WARN_INFINITE_RECURSION = YES;
				CLANG_WARN_INT_CONVERSION = YES;
				CLANG_WARN_OBJC_ROOT_CLASS = YES_ERROR;
				CLANG_WARN_SUSPICIOUS_MOVE = YES;
				CLANG_WARN_UNREACHABLE_CODE = YES;
				CLANG_WARN__DUPLICATE_METHOD_MATCH = YES;
				"CODE_SIGN_IDENTITY[sdk=iphoneos*]" = "iPhone Distribution: CHAO TONG (9Y74876TPS)";
				COPY_PHASE_STRIP = NO;
				DEBUG_INFORMATION_FORMAT = "dwarf-with-dsym";
				ENABLE_NS_ASSERTIONS = NO;
				ENABLE_STRICT_OBJC_MSGSEND = YES;
				GCC_C_LANGUAGE_STANDARD = gnu99;
				GCC_NO_COMMON_BLOCKS = YES;
				GCC_WARN_64_TO_32_BIT_CONVERSION = YES;
				GCC_WARN_ABOUT_RETURN_TYPE = YES_ERROR;
				GCC_WARN_UNDECLARED_SELECTOR = YES;
				GCC_WARN_UNINITIALIZED_AUTOS = YES_AGGRESSIVE;
				GCC_WARN_UNUSED_FUNCTION = YES;
				GCC_WARN_UNUSED_VARIABLE = YES;
				IPHONEOS_DEPLOYMENT_TARGET = 9.0;
				MTL_ENABLE_DEBUG_INFO = NO;
				SDKROOT = iphoneos;
				SWIFT_OPTIMIZATION_LEVEL = "-Owholemodule";
				VALIDATE_PRODUCT = YES;
			};
			name = Release;
		};
		C495796F1CB507CC0051D7C8 /* Debug */ = {
			isa = XCBuildConfiguration;
			baseConfigurationReference = 8EDD3B849D8133BE06080AC4 /* Pods-RainReminder.debug.xcconfig */;
			buildSettings = {
				ALWAYS_EMBED_SWIFT_STANDARD_LIBRARIES = YES;
				ASSETCATALOG_COMPILER_APPICON_NAME = AppIcon;
				CLANG_ENABLE_MODULES = YES;
				CODE_SIGN_ENTITLEMENTS = RainReminder/RainReminder.entitlements;
				CODE_SIGN_IDENTITY = "iPhone Developer: CHAO TONG (34R6G95PN5)";
				"CODE_SIGN_IDENTITY[sdk=iphoneos*]" = "iPhone Developer";
				DEVELOPMENT_TEAM = 9Y74876TPS;
				INFOPLIST_FILE = RainReminder/Info.plist;
				IPHONEOS_DEPLOYMENT_TARGET = 9.0;
				LD_RUNPATH_SEARCH_PATHS = "$(inherited) @executable_path/Frameworks";
				LIBRARY_SEARCH_PATHS = (
					"$(inherited)",
					"$(PROJECT_DIR)/RainReminder/libWeiboSDK",
				);
				OTHER_LDFLAGS = (
					"$(inherited)",
					"-framework",
					"\"Alamofire\"",
					"-framework",
					"\"SDWebImage\"",
					"-all_load",
					"-ObjC",
				);
				PRODUCT_BUNDLE_IDENTIFIER = com.easyulife.RainReminder;
				PRODUCT_NAME = "$(TARGET_NAME)";
				PROVISIONING_PROFILE = "6a24c910-3241-4654-8ca8-b40bb67793a2";
				PROVISIONING_PROFILE_SPECIFIER = RainReminder_dev;
				SWIFT_OBJC_BRIDGING_HEADER = "RainReminder/RainReminder-Bridging-Header.h";
				SWIFT_OPTIMIZATION_LEVEL = "-Onone";
				SWIFT_VERSION = 3.0;
				VALIDATE_PRODUCT = YES;
			};
			name = Debug;
		};
		C49579701CB507CC0051D7C8 /* Release */ = {
			isa = XCBuildConfiguration;
			baseConfigurationReference = 1852D5D2D5323C289BC4FCBC /* Pods-RainReminder.release.xcconfig */;
			buildSettings = {
				ALWAYS_EMBED_SWIFT_STANDARD_LIBRARIES = YES;
				ASSETCATALOG_COMPILER_APPICON_NAME = AppIcon;
				CLANG_ENABLE_MODULES = YES;
				CODE_SIGN_ENTITLEMENTS = RainReminder/RainReminder.entitlements;
				CODE_SIGN_IDENTITY = "iPhone Distribution: CHAO TONG (9Y74876TPS)";
				"CODE_SIGN_IDENTITY[sdk=iphoneos*]" = "iPhone Distribution";
				DEVELOPMENT_TEAM = 9Y74876TPS;
				INFOPLIST_FILE = RainReminder/Info.plist;
				IPHONEOS_DEPLOYMENT_TARGET = 9.0;
				LD_RUNPATH_SEARCH_PATHS = "$(inherited) @executable_path/Frameworks";
				LIBRARY_SEARCH_PATHS = (
					"$(inherited)",
					"$(PROJECT_DIR)/RainReminder/libWeiboSDK",
				);
				OTHER_LDFLAGS = (
					"$(inherited)",
					"-framework",
					"\"Alamofire\"",
					"-framework",
					"\"SDWebImage\"",
					"-all_load",
					"-ObjC",
				);
				PRODUCT_BUNDLE_IDENTIFIER = com.easyulife.RainReminder;
				PRODUCT_NAME = "$(TARGET_NAME)";
				PROVISIONING_PROFILE = "4b0dca62-089e-4be2-bc54-51a7c073370d";
				PROVISIONING_PROFILE_SPECIFIER = com.easyulife.RainReminder;
				SWIFT_OBJC_BRIDGING_HEADER = "RainReminder/RainReminder-Bridging-Header.h";
				SWIFT_VERSION = 3.0;
			};
			name = Release;
		};
		C4DA1FE51CD9A2150040F802 /* Debug */ = {
			isa = XCBuildConfiguration;
			buildSettings = {
				ASSETCATALOG_COMPILER_APPICON_NAME = AppIcon;
				ASSETCATALOG_COMPILER_LAUNCHIMAGE_NAME = "Brand Assets";
				CLANG_ANALYZER_NONNULL = YES;
				CODE_SIGN_ENTITLEMENTS = today/today.entitlements;
				CODE_SIGN_IDENTITY = "iPhone Developer: CHAO TONG (34R6G95PN5)";
				"CODE_SIGN_IDENTITY[sdk=iphoneos*]" = "iPhone Developer";
				DEVELOPMENT_TEAM = 9Y74876TPS;
				INFOPLIST_FILE = today/Info.plist;
				IPHONEOS_DEPLOYMENT_TARGET = 9.0;
				LD_RUNPATH_SEARCH_PATHS = "$(inherited) @executable_path/Frameworks @executable_path/../../Frameworks";
				PRODUCT_BUNDLE_IDENTIFIER = com.easyulife.RainReminder.RRToday;
				PRODUCT_NAME = "$(TARGET_NAME)";
				PROVISIONING_PROFILE = "2539e667-1536-492b-a3e8-adb8a96189ae";
				PROVISIONING_PROFILE_SPECIFIER = RainReminder_today_dev;
				SKIP_INSTALL = YES;
				SWIFT_VERSION = 3.0;
			};
			name = Debug;
		};
		C4DA1FE61CD9A2150040F802 /* Release */ = {
			isa = XCBuildConfiguration;
			buildSettings = {
				ASSETCATALOG_COMPILER_APPICON_NAME = AppIcon;
				ASSETCATALOG_COMPILER_LAUNCHIMAGE_NAME = "Brand Assets";
				CLANG_ANALYZER_NONNULL = YES;
				CODE_SIGN_ENTITLEMENTS = today/today.entitlements;
				CODE_SIGN_IDENTITY = "iPhone Distribution: CHAO TONG (9Y74876TPS)";
				"CODE_SIGN_IDENTITY[sdk=iphoneos*]" = "iPhone Distribution";
				DEVELOPMENT_TEAM = 9Y74876TPS;
				INFOPLIST_FILE = today/Info.plist;
				IPHONEOS_DEPLOYMENT_TARGET = 9.0;
				LD_RUNPATH_SEARCH_PATHS = "$(inherited) @executable_path/Frameworks @executable_path/../../Frameworks";
				PRODUCT_BUNDLE_IDENTIFIER = com.easyulife.RainReminder.RRToday;
				PRODUCT_NAME = "$(TARGET_NAME)";
				PROVISIONING_PROFILE = "bd43755a-c93d-447c-995b-9f403bc2b104";
				PROVISIONING_PROFILE_SPECIFIER = rrty_distribution;
				SKIP_INSTALL = YES;
				SWIFT_VERSION = 3.0;
			};
			name = Release;
		};
/* End XCBuildConfiguration section */

/* Begin XCConfigurationList section */
		C49579571CB507CB0051D7C8 /* Build configuration list for PBXProject "RainReminder" */ = {
			isa = XCConfigurationList;
			buildConfigurations = (
				C495796C1CB507CC0051D7C8 /* Debug */,
				C495796D1CB507CC0051D7C8 /* Release */,
			);
			defaultConfigurationIsVisible = 0;
			defaultConfigurationName = Release;
		};
		C495796E1CB507CC0051D7C8 /* Build configuration list for PBXNativeTarget "RainReminder" */ = {
			isa = XCConfigurationList;
			buildConfigurations = (
				C495796F1CB507CC0051D7C8 /* Debug */,
				C49579701CB507CC0051D7C8 /* Release */,
			);
			defaultConfigurationIsVisible = 0;
			defaultConfigurationName = Release;
		};
		C4DA1FE71CD9A2150040F802 /* Build configuration list for PBXNativeTarget "RainReminderTodayWidget" */ = {
			isa = XCConfigurationList;
			buildConfigurations = (
				C4DA1FE51CD9A2150040F802 /* Debug */,
				C4DA1FE61CD9A2150040F802 /* Release */,
			);
			defaultConfigurationIsVisible = 0;
			defaultConfigurationName = Release;
		};
/* End XCConfigurationList section */
	};
	rootObject = C49579541CB507CB0051D7C8 /* Project object */;
}
